
Microsoft Visual Studio Solution File, Format Version 12.00
# Visual Studio Version 17
VisualStudioVersion = 17.4.33103.184
MinimumVisualStudioVersion = 10.0.40219.1
Project("{FAE04EC0-301F-11D3-BF4B-00C04F79EFBC}") = "WebAuto", "WebAuto\WebAuto.csproj", "{1E9A846D-63DD-4D3E-9033-54BDD0A66D4B}"
EndProject
Global
	GlobalSection(SolutionConfigurationPlatforms) = preSolution
		Debug|Any CPU = Debug|Any CPU
		Release|Any CPU = Release|Any CPU
	EndGlobalSection
	GlobalSection(ProjectConfigurationPlatforms) = postSolution
		{1E9A846D-63DD-4D3E-9033-54BDD0A66D4B}.Debug|Any CPU.ActiveCfg = Debug|Any CPU
		{1E9A846D-63DD-4D3E-9033-54BDD0A66D4B}.Debug|Any CPU.Build.0 = Debug|Any CPU
		{1E9A846D-63DD-4D3E-9033-54BDD0A66D4B}.Release|Any CPU.ActiveCfg = Release|Any CPU
		{1E9A846D-63DD-4D3E-9033-54BDD0A66D4B}.Release|Any CPU.Build.0 = Release|Any CPU
	EndGlobalSection
	GlobalSection(SolutionProperties) = preSolution
		HideSolutionNode = FALSE
	EndGlobalSection
	GlobalSection(ExtensibilityGlobals) = postSolution
		SolutionGuid = {0E53DCBE-8D2A-47A4-B1E3-EFAF27444D8C}
	EndGlobalSection
EndGlobal
