
Microsoft Visual Studio Solution File, Format Version 12.00
# Visual Studio Version 17
VisualStudioVersion = 17.4.33103.184
MinimumVisualStudioVersion = 10.0.40219.1
Project("{FAE04EC0-301F-11D3-BF4B-00C04F79EFBC}") = "Automoviles", "Automoviles\Automoviles.csproj", "{DF23B43D-010F-4BAB-B744-C6B7DCA0B462}"
EndProject
Global
	GlobalSection(SolutionConfigurationPlatforms) = preSolution
		Debug|Any CPU = Debug|Any CPU
		Release|Any CPU = Release|Any CPU
	EndGlobalSection
	GlobalSection(ProjectConfigurationPlatforms) = postSolution
		{DF23B43D-010F-4BAB-B744-C6B7DCA0B462}.Debug|Any CPU.ActiveCfg = Debug|Any CPU
		{DF23B43D-010F-4BAB-B744-C6B7DCA0B462}.Debug|Any CPU.Build.0 = Debug|Any CPU
		{DF23B43D-010F-4BAB-B744-C6B7DCA0B462}.Release|Any CPU.ActiveCfg = Release|Any CPU
		{DF23B43D-010F-4BAB-B744-C6B7DCA0B462}.Release|Any CPU.Build.0 = Release|Any CPU
	EndGlobalSection
	GlobalSection(SolutionProperties) = preSolution
		HideSolutionNode = FALSE
	EndGlobalSection
	GlobalSection(ExtensibilityGlobals) = postSolution
		SolutionGuid = {A53495FC-64F5-4C6D-A510-066494B14376}
	EndGlobalSection
EndGlobal
